# THIS IS AN AUTOGENERATED FILE. DO NOT EDIT THIS FILE DIRECTLY.
# yarn lockfile v1


"@types/tampermonkey@^4.0.0":
  version "4.0.0"
  resolved "https://registry.npm.taobao.org/@types/tampermonkey/download/@types/tampermonkey-4.0.0.tgz#fd654ea1191f6ae7acd7e9ddc19c67ed062a1495"
  integrity sha1-/WVOoRkfaues1+ndwZxn7QYqFJU=

tslib@^2.0.0:
  version "2.0.0"
  resolved "https://registry.npm.taobao.org/tslib/download/tslib-2.0.0.tgz#18d13fc2dce04051e20f074cc8387fd8089ce4f3"
  integrity sha1-GNE/wtzgQFHiDwdMyDh/2Aic5PM=

typescript@^3.9.3:
  version "3.9.3"
  resolved "https://registry.npm.taobao.org/typescript/download/typescript-3.9.3.tgz?cache=0&sync_timestamp=1590997587297&other_urls=https%3A%2F%2Fregistry.npm.taobao.org%2Ftypescript%2Fdownload%2Ftypescript-3.9.3.tgz#d3ac8883a97c26139e42df5e93eeece33d610b8a"
  integrity sha1-06yIg6l8JhOeQt9ek+7s4z1hC4o=
